
Microsoft Visual Studio Solution File, Format Version 12.00
# Visual Studio 14
VisualStudioVersion = 14.0.25420.1
MinimumVisualStudioVersion = 10.0.40219.1
Project("{2150E333-8FDC-42A3-9474-1A3956D46DE8}") = "src", "src", "{04A3BB76-D1D3-4164-A70F-DBB903FF01B4}"
EndProject
Project("{2150E333-8FDC-42A3-9474-1A3956D46DE8}") = "Solution Items", "Solution Items", "{220C7286-6152-46A1-B3C7-C2E81C665005}"
	ProjectSection(SolutionItems) = preProject
		global.json = global.json
	EndProjectSection
EndProject
Project("{8BB2217D-0F2D-49D1-97BC-3654ED321F3B}") = "RegistrationMVCCore", "src\RegistrationMVCCore\RegistrationMVCCore.xproj", "{4A29C921-5ECB-44F6-B6B7-58832BDA99AD}"
EndProject
Global
	GlobalSection(SolutionConfigurationPlatforms) = preSolution
		Debug|Any CPU = Debug|Any CPU
		Release|Any CPU = Release|Any CPU
	EndGlobalSection
	GlobalSection(ProjectConfigurationPlatforms) = postSolution
		{4A29C921-5ECB-44F6-B6B7-58832BDA99AD}.Debug|Any CPU.ActiveCfg = Debug|Any CPU
		{4A29C921-5ECB-44F6-B6B7-58832BDA99AD}.Debug|Any CPU.Build.0 = Debug|Any CPU
		{4A29C921-5ECB-44F6-B6B7-58832BDA99AD}.Release|Any CPU.ActiveCfg = Release|Any CPU
		{4A29C921-5ECB-44F6-B6B7-58832BDA99AD}.Release|Any CPU.Build.0 = Release|Any CPU
	EndGlobalSection
	GlobalSection(SolutionProperties) = preSolution
		HideSolutionNode = FALSE
	EndGlobalSection
	GlobalSection(NestedProjects) = preSolution
		{4A29C921-5ECB-44F6-B6B7-58832BDA99AD} = {04A3BB76-D1D3-4164-A70F-DBB903FF01B4}
	EndGlobalSection
EndGlobal
